
Microsoft Visual Studio Solution File, Format Version 12.00
# Visual Studio Version 17
VisualStudioVersion = 17.8.34511.84
MinimumVisualStudioVersion = 10.0.40219.1
Project("{FAE04EC0-301F-11D3-BF4B-00C04F79EFBC}") = "MyMovieList.Server", "MyMovieList.Server\MyMovieList.Server.csproj", "{73C93C89-9D5C-454B-8C9F-3F0617EA160A}"
EndProject
Project("{54A90642-561A-4BB1-A94E-469ADEE60C69}") = "mymovielist.client", "mymovielist.client\mymovielist.client.esproj", "{73E37A7A-51A4-432A-A214-846CC631DCD7}"
EndProject
Global
	GlobalSection(SolutionConfigurationPlatforms) = preSolution
		Debug|Any CPU = Debug|Any CPU
		Release|Any CPU = Release|Any CPU
	EndGlobalSection
	GlobalSection(ProjectConfigurationPlatforms) = postSolution
		{73C93C89-9D5C-454B-8C9F-3F0617EA160A}.Debug|Any CPU.ActiveCfg = Debug|Any CPU
		{73C93C89-9D5C-454B-8C9F-3F0617EA160A}.Debug|Any CPU.Build.0 = Debug|Any CPU
		{73C93C89-9D5C-454B-8C9F-3F0617EA160A}.Release|Any CPU.ActiveCfg = Release|Any CPU
		{73C93C89-9D5C-454B-8C9F-3F0617EA160A}.Release|Any CPU.Build.0 = Release|Any CPU
		{73E37A7A-51A4-432A-A214-846CC631DCD7}.Debug|Any CPU.ActiveCfg = Debug|Any CPU
		{73E37A7A-51A4-432A-A214-846CC631DCD7}.Debug|Any CPU.Build.0 = Debug|Any CPU
		{73E37A7A-51A4-432A-A214-846CC631DCD7}.Debug|Any CPU.Deploy.0 = Debug|Any CPU
		{73E37A7A-51A4-432A-A214-846CC631DCD7}.Release|Any CPU.ActiveCfg = Release|Any CPU
		{73E37A7A-51A4-432A-A214-846CC631DCD7}.Release|Any CPU.Build.0 = Release|Any CPU
		{73E37A7A-51A4-432A-A214-846CC631DCD7}.Release|Any CPU.Deploy.0 = Release|Any CPU
	EndGlobalSection
	GlobalSection(SolutionProperties) = preSolution
		HideSolutionNode = FALSE
	EndGlobalSection
	GlobalSection(ExtensibilityGlobals) = postSolution
		SolutionGuid = {19D9F9F9-C2D1-4273-9E80-44D0EDD3F8B9}
	EndGlobalSection
EndGlobal
